
Microsoft Visual Studio Solution File, Format Version 12.00
# Visual Studio Version 17
VisualStudioVersion = 17.9.34622.214
MinimumVisualStudioVersion = 10.0.40219.1
Project("{FAE04EC0-301F-11D3-BF4B-00C04F79EFBC}") = "LojaMVC", "LojaMVC\LojaMVC.csproj", "{0997B1F3-46EF-44DC-9BEA-17BC89BC5F1D}"
EndProject
Project("{FAE04EC0-301F-11D3-BF4B-00C04F79EFBC}") = "LojaMVCTests", "LojaMVCTests\LojaMVCTests.csproj", "{4358876D-8344-436E-97D5-9E2C67DEC1E8}"
EndProject
Global
	GlobalSection(SolutionConfigurationPlatforms) = preSolution
		Debug|Any CPU = Debug|Any CPU
		Release|Any CPU = Release|Any CPU
	EndGlobalSection
	GlobalSection(ProjectConfigurationPlatforms) = postSolution
		{0997B1F3-46EF-44DC-9BEA-17BC89BC5F1D}.Debug|Any CPU.ActiveCfg = Debug|Any CPU
		{0997B1F3-46EF-44DC-9BEA-17BC89BC5F1D}.Debug|Any CPU.Build.0 = Debug|Any CPU
		{0997B1F3-46EF-44DC-9BEA-17BC89BC5F1D}.Release|Any CPU.ActiveCfg = Release|Any CPU
		{0997B1F3-46EF-44DC-9BEA-17BC89BC5F1D}.Release|Any CPU.Build.0 = Release|Any CPU
		{4358876D-8344-436E-97D5-9E2C67DEC1E8}.Debug|Any CPU.ActiveCfg = Debug|Any CPU
		{4358876D-8344-436E-97D5-9E2C67DEC1E8}.Debug|Any CPU.Build.0 = Debug|Any CPU
		{4358876D-8344-436E-97D5-9E2C67DEC1E8}.Release|Any CPU.ActiveCfg = Release|Any CPU
		{4358876D-8344-436E-97D5-9E2C67DEC1E8}.Release|Any CPU.Build.0 = Release|Any CPU
	EndGlobalSection
	GlobalSection(SolutionProperties) = preSolution
		HideSolutionNode = FALSE
	EndGlobalSection
	GlobalSection(ExtensibilityGlobals) = postSolution
		SolutionGuid = {2AEDDBCB-A931-4C62-81CD-DADA9C32333B}
	EndGlobalSection
EndGlobal
